
Microsoft Visual Studio Solution File, Format Version 12.00
# Visual Studio Version 16
VisualStudioVersion = 16.0.28516.95
MinimumVisualStudioVersion = 10.0.40219.1
Project("{FAE04EC0-301F-11D3-BF4B-00C04F79EFBC}") = "ExtensibilityLogs", "src\vsix\ExtensibilityLogs.csproj", "{9CAEC86B-0762-444E-9C4C-B702461A7D72}"
EndProject
Global
	GlobalSection(SolutionConfigurationPlatforms) = preSolution
		Debug|Any CPU = Debug|Any CPU
		Release|Any CPU = Release|Any CPU
	EndGlobalSection
	GlobalSection(ProjectConfigurationPlatforms) = postSolution
		{9CAEC86B-0762-444E-9C4C-B702461A7D72}.Debug|Any CPU.ActiveCfg = Debug|Any CPU
		{9CAEC86B-0762-444E-9C4C-B702461A7D72}.Debug|Any CPU.Build.0 = Debug|Any CPU
		{9CAEC86B-0762-444E-9C4C-B702461A7D72}.Release|Any CPU.ActiveCfg = Release|Any CPU
		{9CAEC86B-0762-444E-9C4C-B702461A7D72}.Release|Any CPU.Build.0 = Release|Any CPU
	EndGlobalSection
	GlobalSection(SolutionProperties) = preSolution
		HideSolutionNode = FALSE
	EndGlobalSection
	GlobalSection(ExtensibilityGlobals) = postSolution
		SolutionGuid = {80B9E67B-481F-435F-A8EC-05A28B5CC488}
	EndGlobalSection
EndGlobal
